
Microsoft Visual Studio Solution File, Format Version 12.00
# Visual Studio Version 16
VisualStudioVersion = 16.0.31410.357
MinimumVisualStudioVersion = 10.0.40219.1
Project("{9A19103F-16F7-4668-BE54-9A1E7A4F7556}") = "Projeto_Paises", "Projeto_Paises\Projeto_Paises.csproj", "{14AD3FB2-80C3-4085-97B7-47420D94F1A5}"
EndProject
Project("{FAE04EC0-301F-11D3-BF4B-00C04F79EFBC}") = "WebAPI", "WebAPI\WebAPI.csproj", "{7925E02E-ADFE-480F-BF1A-80C3A09A7870}"
EndProject
Global
	GlobalSection(SolutionConfigurationPlatforms) = preSolution
		Debug|Any CPU = Debug|Any CPU
		Release|Any CPU = Release|Any CPU
	EndGlobalSection
	GlobalSection(ProjectConfigurationPlatforms) = postSolution
		{14AD3FB2-80C3-4085-97B7-47420D94F1A5}.Debug|Any CPU.ActiveCfg = Debug|Any CPU
		{14AD3FB2-80C3-4085-97B7-47420D94F1A5}.Debug|Any CPU.Build.0 = Debug|Any CPU
		{14AD3FB2-80C3-4085-97B7-47420D94F1A5}.Release|Any CPU.ActiveCfg = Release|Any CPU
		{14AD3FB2-80C3-4085-97B7-47420D94F1A5}.Release|Any CPU.Build.0 = Release|Any CPU
		{7925E02E-ADFE-480F-BF1A-80C3A09A7870}.Debug|Any CPU.ActiveCfg = Debug|Any CPU
		{7925E02E-ADFE-480F-BF1A-80C3A09A7870}.Debug|Any CPU.Build.0 = Debug|Any CPU
		{7925E02E-ADFE-480F-BF1A-80C3A09A7870}.Release|Any CPU.ActiveCfg = Release|Any CPU
		{7925E02E-ADFE-480F-BF1A-80C3A09A7870}.Release|Any CPU.Build.0 = Release|Any CPU
	EndGlobalSection
	GlobalSection(SolutionProperties) = preSolution
		HideSolutionNode = FALSE
	EndGlobalSection
	GlobalSection(ExtensibilityGlobals) = postSolution
		SolutionGuid = {854047A7-EB94-4CD2-A0DE-30767272502D}
	EndGlobalSection
EndGlobal
